{
  "name": "view.1.1",
  "lockfileVersion": 3,
  "requires": true,
  "packages": {
    "": {
      "dependencies": {
        "url-polyfill": "^1.1.12"
      }
    },
    "node_modules/url-polyfill": {
      "version": "1.1.12",
      "resolved": "https://registry.npmjs.org/url-polyfill/-/url-polyfill-1.1.12.tgz",
      "integrity": "sha512-mYFmBHCapZjtcNHW0MDq9967t+z4Dmg5CJ0KqysK3+ZbyoNOWQHksGCTWwDhxGXllkWlOc10Xfko6v4a3ucM6A=="
    }
  }
}
